// !$*UTF8*$!
{
	archiveVersion = 1;
	classes = {
	};
	objectVersion = 48;
	objects = {

/* Begin PBXBuildFile section */
		A35D535B203F28AB00614680 /* AppDelegate.swift in Sources */ = {isa = PBXBuildFile; fileRef = A35D535A203F28AB00614680 /* AppDelegate.swift */; };
		A35D535D203F28AB00614680 /* ViewController.swift in Sources */ = {isa = PBXBuildFile; fileRef = A35D535C203F28AB00614680 /* ViewController.swift */; };
		A35D5360203F28AB00614680 /* Main.storyboard in Resources */ = {isa = PBXBuildFile; fileRef = A35D535E203F28AB00614680 /* Main.storyboard */; };
		A35D5363203F28AB00614680 /* Swift_Todoey.xcdatamodeld in Sources */ = {isa = PBXBuildFile; fileRef = A35D5361203F28AB00614680 /* Swift_Todoey.xcdatamodeld */; };
		A35D5365203F28AB00614680 /* Assets.xcassets in Resources */ = {isa = PBXBuildFile; fileRef = A35D5364203F28AB00614680 /* Assets.xcassets */; };
		A35D5368203F28AB00614680 /* LaunchScreen.storyboard in Resources */ = {isa = PBXBuildFile; fileRef = A35D5366203F28AB00614680 /* LaunchScreen.storyboard */; };
/* End PBXBuildFile section */

/* Begin PBXFileReference section */
		A35D5357203F28AB00614680 /* Swift-Todoey.app */ = {isa = PBXFileReference; explicitFileType = wrapper.application; includeInIndex = 0; path = "Swift-Todoey.app"; sourceTree = BUILT_PRODUCTS_DIR; };
		A35D535A203F28AB00614680 /* AppDelegate.swift */ = {isa = PBXFileReference; lastKnownFileType = sourcecode.swift; path = AppDelegate.swift; sourceTree = "<group>"; };
		A35D535C203F28AB00614680 /* ViewController.swift */ = {isa = PBXFileReference; lastKnownFileType = sourcecode.swift; path = ViewController.swift; sourceTree = "<group>"; };
		A35D535F203F28AB00614680 /* Base */ = {isa = PBXFileReference; lastKnownFileType = file.storyboard; name = Base; path = Base.lproj/Main.storyboard; sourceTree = "<group>"; };
		A35D5362203F28AB00614680 /* Swift_Todoey.xcdatamodel */ = {isa = PBXFileReference; lastKnownFileType = wrapper.xcdatamodel; path = Swift_Todoey.xcdatamodel; sourceTree = "<group>"; };
		A35D5364203F28AB00614680 /* Assets.xcassets */ = {isa = PBXFileReference; lastKnownFileType = folder.assetcatalog; path = Assets.xcassets; sourceTree = "<group>"; };
		A35D5367203F28AB00614680 /* Base */ = {isa = PBXFileReference; lastKnownFileType = file.storyboard; name = Base; path = Base.lproj/LaunchScreen.storyboard; sourceTree = "<group>"; };
		A35D5369203F28AB00614680 /* Info.plist */ = {isa = PBXFileReference; lastKnownFileType = text.plist.xml; path = Info.plist; sourceTree = "<group>"; };
/* End PBXFileReference section */

/* Begin PBXFrameworksBuildPhase section */
		A35D5354203F28AB00614680 /* Frameworks */ = {
			isa = PBXFrameworksBuildPhase;
			buildActionMask = 2147483647;
			files = (
			);
			runOnlyForDeploymentPostprocessing = 0;
		};
/* End PBXFrameworksBuildPhase section */

/* Begin PBXGroup section */
		A35D534E203F28AB00614680 = {
			isa = PBXGroup;
			children = (
				A35D5359203F28AB00614680 /* Swift-Todoey */,
				A35D5358203F28AB00614680 /* Products */,
			);
			sourceTree = "<group>";
		};
		A35D5358203F28AB00614680 /* Products */ = {
			isa = PBXGroup;
			children = (
				A35D5357203F28AB00614680 /* Swift-Todoey.app */,
			);
			name = Products;
			sourceTree = "<group>";
		};
		A35D5359203F28AB00614680 /* Swift-Todoey */ = {
			isa = PBXGroup;
			children = (
				A35D535A203F28AB00614680 /* AppDelegate.swift */,
				A35D535C203F28AB00614680 /* ViewController.swift */,
				A35D535E203F28AB00614680 /* Main.storyboard */,
				A35D5364203F28AB00614680 /* Assets.xcassets */,
				A35D5366203F28AB00614680 /* LaunchScreen.storyboard */,
				A35D5369203F28AB00614680 /* Info.plist */,
				A35D5361203F28AB00614680 /* Swift_Todoey.xcdatamodeld */,
			);
			path = "Swift-Todoey";
			sourceTree = "<group>";
		};
/* End PBXGroup section */

/* Begin PBXNativeTarget section */
		A35D5356203F28AB00614680 /* Swift-Todoey */ = {
			isa = PBXNativeTarget;
			buildConfigurationList = A35D536C203F28AB00614680 /* Build configuration list for PBXNativeTarget "Swift-Todoey" */;
			buildPhases = (
				A35D5353203F28AB00614680 /* Sources */,
				A35D5354203F28AB00614680 /* Frameworks */,
				A35D5355203F28AB00614680 /* Resources */,
			);
			buildRules = (
			);
			dependencies = (
			);
			name = "Swift-Todoey";
			productName = "Swift-Todoey";
			productReference = A35D5357203F28AB00614680 /* Swift-Todoey.app */;
			productType = "com.apple.product-type.application";
		};
/* End PBXNativeTarget section */

/* Begin PBXProject section */
		A35D534F203F28AB00614680 /* Project object */ = {
			isa = PBXProject;
			attributes = {
				LastSwiftUpdateCheck = 0920;
				LastUpgradeCheck = 0920;
				ORGANIZATIONNAME = "Julia Gao Miller";
				TargetAttributes = {
					A35D5356203F28AB00614680 = {
						CreatedOnToolsVersion = 9.2;
						ProvisioningStyle = Automatic;
					};
				};
			};
			buildConfigurationList = A35D5352203F28AB00614680 /* Build configuration list for PBXProject "Swift-Todoey" */;
			compatibilityVersion = "Xcode 8.0";
			developmentRegion = en;
			hasScannedForEncodings = 0;
			knownRegions = (
				en,
				Base,
			);
			mainGroup = A35D534E203F28AB00614680;
			productRefGroup = A35D5358203F28AB00614680 /* Products */;
			projectDirPath = "";
			projectRoot = "";
			targets = (
				A35D5356203F28AB00614680 /* Swift-Todoey */,
			);
		};
/* End PBXProject section */

/* Begin PBXResourcesBuildPhase section */
		A35D5355203F28AB00614680 /* Resources */ = {
			isa = PBXResourcesBuildPhase;
			buildActionMask = 2147483647;
			files = (
				A35D5368203F28AB00614680 /* LaunchScreen.storyboard in Resources */,
				A35D5365203F28AB00614680 /* Assets.xcassets in Resources */,
				A35D5360203F28AB00614680 /* Main.storyboard in Resources */,
			);
			runOnlyForDeploymentPostprocessing = 0;
		};
/* End PBXResourcesBuildPhase section */

/* Begin PBXSourcesBuildPhase section */
		A35D5353203F28AB00614680 /* Sources */ = {
			isa = PBXSourcesBuildPhase;
			buildActionMask = 2147483647;
			files = (
				A35D5363203F28AB00614680 /* Swift_Todoey.xcdatamodeld in Sources */,
				A35D535D203F28AB00614680 /* ViewController.swift in Sources */,
				A35D535B203F28AB00614680 /* AppDelegate.swift in Sources */,
			);
			runOnlyForDeploymentPostprocessing = 0;
		};
/* End PBXSourcesBuildPhase section */

/* Begin PBXVariantGroup section */
		A35D535E203F28AB00614680 /* Main.storyboard */ = {
			isa = PBXVariantGroup;
			children = (
				A35D535F203F28AB00614680 /* Base */,
			);
			name = Main.storyboard;
			sourceTree = "<group>";
		};
		A35D5366203F28AB00614680 /* LaunchScreen.storyboard */ = {
			isa = PBXVariantGroup;
			children = (
				A35D5367203F28AB00614680 /* Base */,
			);
			name = LaunchScreen.storyboard;
			sourceTree = "<group>";
		};
/* End PBXVariantGroup section */

/* Begin XCBuildConfiguration section */
		A35D536A203F28AB00614680 /* Debug */ = {
			isa = XCBuildConfiguration;
			buildSettings = {
				ALWAYS_SEARCH_USER_PATHS = NO;
				CLANG_ANALYZER_NONNULL = YES;
				CLANG_ANALYZER_NUMBER_OBJECT_CONVERSION = YES_AGGRESSIVE;
				CLANG_CXX_LANGUAGE_STANDARD = "gnu++14";
				CLANG_CXX_LIBRARY = "libc++";
				CLANG_ENABLE_MODULES = YES;
				CLANG_ENABLE_OBJC_ARC = YES;
				CLANG_WARN_BLOCK_CAPTURE_AUTORELEASING = YES;
				CLANG_WARN_BOOL_CONVERSION = YES;
				CLANG_WARN_COMMA = YES;
				CLANG_WARN_CONSTANT_CONVERSION = YES;
				CLANG_WARN_DIRECT_OBJC_ISA_USAGE = YES_ERROR;
				CLANG_WARN_DOCUMENTATION_COMMENTS = YES;
				CLANG_WARN_EMPTY_BODY = YES;
				CLANG_WARN_ENUM_CONVERSION = YES;
				CLANG_WARN_INFINITE_RECURSION = YES;
				CLANG_WARN_INT_CONVERSION = YES;
				CLANG_WARN_NON_LITERAL_NULL_CONVERSION = YES;
				CLANG_WARN_OBJC_LITERAL_CONVERSION = YES;
				CLANG_WARN_OBJC_ROOT_CLASS = YES_ERROR;
				CLANG_WARN_RANGE_LOOP_ANALYSIS = YES;
				CLANG_WARN_STRICT_PROTOTYPES = YES;
				CLANG_WARN_SUSPICIOUS_MOVE = YES;
				CLANG_WARN_UNGUARDED_AVAILABILITY = YES_AGGRESSIVE;
				CLANG_WARN_UNREACHABLE_CODE = YES;
				CLANG_WARN__DUPLICATE_METHOD_MATCH = YES;
				CODE_SIGN_IDENTITY = "iPhone Developer";
				COPY_PHASE_STRIP = NO;
				DEBUG_INFORMATION_FORMAT = dwarf;
				ENABLE_STRICT_OBJC_MSGSEND = YES;
				ENABLE_TESTABILITY = YES;
				GCC_C_LANGUAGE_STANDARD = gnu11;
				GCC_DYNAMIC_NO_PIC = NO;
				GCC_NO_COMMON_BLOCKS = YES;
				GCC_OPTIMIZATION_LEVEL = 0;
				GCC_PREPROCESSOR_DEFINITIONS = (
					"DEBUG=1",
					"$(inherited)",
				);
				GCC_WARN_64_TO_32_BIT_CONVERSION = YES;
				GCC_WARN_ABOUT_RETURN_TYPE = YES_ERROR;
				GCC_WARN_UNDECLARED_SELECTOR = YES;
				GCC_WARN_UNINITIALIZED_AUTOS = YES_AGGRESSIVE;
				GCC_WARN_UNUSED_FUNCTION = YES;
				GCC_WARN_UNUSED_VARIABLE = YES;
				IPHONEOS_DEPLOYMENT_TARGET = 11.2;
				MTL_ENABLE_DEBUG_INFO = YES;
				ONLY_ACTIVE_ARCH = YES;
				SDKROOT = iphoneos;
				SWIFT_ACTIVE_COMPILATION_CONDITIONS = DEBUG;
				SWIFT_OPTIMIZATION_LEVEL = "-Onone";
			};
			name = Debug;
		};
		A35D536B203F28AB00614680 /* Release */ = {
			isa = XCBuildConfiguration;
			buildSettings = {
				ALWAYS_SEARCH_USER_PATHS = NO;
				CLANG_ANALYZER_NONNULL = YES;
				CLANG_ANALYZER_NUMBER_OBJECT_CONVERSION = YES_AGGRESSIVE;
				CLANG_CXX_LANGUAGE_STANDARD = "gnu++14";
				CLANG_CXX_LIBRARY = "libc++";
				CLANG_ENABLE_MODULES = YES;
				CLANG_ENABLE_OBJC_ARC = YES;
				CLANG_WARN_BLOCK_CAPTURE_AUTORELEASING = YES;
				CLANG_WARN_BOOL_CONVERSION = YES;
				CLANG_WARN_COMMA = YES;
				CLANG_WARN_CONSTANT_CONVERSION = YES;
				CLANG_WARN_DIRECT_OBJC_ISA_USAGE = YES_ERROR;
				CLANG_WARN_DOCUMENTATION_COMMENTS = YES;
				CLANG_WARN_EMPTY_BODY = YES;
				CLANG_WARN_ENUM_CONVERSION = YES;
				CLANG_WARN_INFINITE_RECURSION = YES;
				CLANG_WARN_INT_CONVERSION = YES;
				CLANG_WARN_NON_LITERAL_NULL_CONVERSION = YES;
				CLANG_WARN_OBJC_LITERAL_CONVERSION = YES;
				CLANG_WARN_OBJC_ROOT_CLASS = YES_ERROR;
				CLANG_WARN_RANGE_LOOP_ANALYSIS = YES;
				CLANG_WARN_STRICT_PROTOTYPES = YES;
				CLANG_WARN_SUSPICIOUS_MOVE = YES;
				CLANG_WARN_UNGUARDED_AVAILABILITY = YES_AGGRESSIVE;
				CLANG_WARN_UNREACHABLE_CODE = YES;
				CLANG_WARN__DUPLICATE_METHOD_MATCH = YES;
				CODE_SIGN_IDENTITY = "iPhone Developer";
				COPY_PHASE_STRIP = NO;
				DEBUG_INFORMATION_FORMAT = "dwarf-with-dsym";
				ENABLE_NS_ASSERTIONS = NO;
				ENABLE_STRICT_OBJC_MSGSEND = YES;
				GCC_C_LANGUAGE_STANDARD = gnu11;
				GCC_NO_COMMON_BLOCKS = YES;
				GCC_WARN_64_TO_32_BIT_CONVERSION = YES;
				GCC_WARN_ABOUT_RETURN_TYPE = YES_ERROR;
				GCC_WARN_UNDECLARED_SELECTOR = YES;
				GCC_WARN_UNINITIALIZED_AUTOS = YES_AGGRESSIVE;
				GCC_WARN_UNUSED_FUNCTION = YES;
				GCC_WARN_UNUSED_VARIABLE = YES;
				IPHONEOS_DEPLOYMENT_TARGET = 11.2;
				MTL_ENABLE_DEBUG_INFO = NO;
				SDKROOT = iphoneos;
				SWIFT_OPTIMIZATION_LEVEL = "-Owholemodule";
				VALIDATE_PRODUCT = YES;
			};
			name = Release;
		};
		A35D536D203F28AB00614680 /* Debug */ = {
			isa = XCBuildConfiguration;
			buildSettings = {
				ASSETCATALOG_COMPILER_APPICON_NAME = AppIcon;
				CODE_SIGN_STYLE = Automatic;
				DEVELOPMENT_TEAM = NSX3E7ME62;
				INFOPLIST_FILE = "Swift-Todoey/Info.plist";
				LD_RUNPATH_SEARCH_PATHS = "$(inherited) @executable_path/Frameworks";
				PRODUCT_BUNDLE_IDENTIFIER = "com.juliagaomiller.Swift-Todoey";
				PRODUCT_NAME = "$(TARGET_NAME)";
				SWIFT_VERSION = 4.0;
				TARGETED_DEVICE_FAMILY = "1,2";
			};
			name = Debug;
		};
		A35D536E203F28AB00614680 /* Release */ = {
			isa = XCBuildConfiguration;
			buildSettings = {
				ASSETCATALOG_COMPILER_APPICON_NAME = AppIcon;
				CODE_SIGN_STYLE = Automatic;
				DEVELOPMENT_TEAM = NSX3E7ME62;
				INFOPLIST_FILE = "Swift-Todoey/Info.plist";
				LD_RUNPATH_SEARCH_PATHS = "$(inherited) @executable_path/Frameworks";
				PRODUCT_BUNDLE_IDENTIFIER = "com.juliagaomiller.Swift-Todoey";
				PRODUCT_NAME = "$(TARGET_NAME)";
				SWIFT_VERSION = 4.0;
				TARGETED_DEVICE_FAMILY = "1,2";
			};
			name = Release;
		};
/* End XCBuildConfiguration section */

/* Begin XCConfigurationList section */
		A35D5352203F28AB00614680 /* Build configuration list for PBXProject "Swift-Todoey" */ = {
			isa = XCConfigurationList;
			buildConfigurations = (
				A35D536A203F28AB00614680 /* Debug */,
				A35D536B203F28AB00614680 /* Release */,
			);
			defaultConfigurationIsVisible = 0;
			defaultConfigurationName = Release;
		};
		A35D536C203F28AB00614680 /* Build configuration list for PBXNativeTarget "Swift-Todoey" */ = {
			isa = XCConfigurationList;
			buildConfigurations = (
				A35D536D203F28AB00614680 /* Debug */,
				A35D536E203F28AB00614680 /* Release */,
			);
			defaultConfigurationIsVisible = 0;
			defaultConfigurationName = Release;
		};
/* End XCConfigurationList section */

/* Begin XCVersionGroup section */
		A35D5361203F28AB00614680 /* Swift_Todoey.xcdatamodeld */ = {
			isa = XCVersionGroup;
			children = (
				A35D5362203F28AB00614680 /* Swift_Todoey.xcdatamodel */,
			);
			currentVersion = A35D5362203F28AB00614680 /* Swift_Todoey.xcdatamodel */;
			path = Swift_Todoey.xcdatamodeld;
			sourceTree = "<group>";
			versionGroupType = wrapper.xcdatamodel;
		};
/* End XCVersionGroup section */
	};
	rootObject = A35D534F203F28AB00614680 /* Project object */;
}
